Microsoft Visual Studio Solution File, Format Version 12.00
# Visual Studio Version 17
VisualStudioVersion = 17.0.31903.59
MinimumVisualStudioVersion = 10.0.40219.1
Project("{2150E333-8FDC-42A3-9474-1A3956D46DE8}") = "src", "src", "{F0000000-0000-0000-0000-000000000000}"
EndProject
Project("{2150E333-8FDC-42A3-9474-1A3956D46DE8}") = "TraderApp", "TraderApp", "{F0000001-0000-0000-0000-000000000001}"
EndProject
Project("{2150E333-8FDC-42A3-9474-1A3956D46DE8}") = "TraderBackend", "TraderBackend", "{F0000001-0000-0000-0000-000000000002}"
EndProject
Project("{2150E333-8FDC-42A3-9474-1A3956D46DE8}") = "BrainSystem", "BrainSystem", "{F0000001-0000-0000-0000-000000000003}"
EndProject
Project("{2150E333-8FDC-42A3-9474-1A3956D46DE8}") = "DsiAgentic", "DsiAgentic", "{F0000001-0000-0000-0000-000000000004}"
EndProject
Project("{2150E333-8FDC-42A3-9474-1A3956D46DE8}") = "NexusBrain", "NexusBrain", "{F0000001-0000-0000-0000-000000000005}"
EndProject
Project("{2150E333-8FDC-42A3-9474-1A3956D46DE8}") = "AiBrain", "AiBrain", "{F0000001-0000-0000-0000-000000000006}"
EndProject
Project("{2150E333-8FDC-42A3-9474-1A3956D46DE8}") = "AetherBrain", "AetherBrain", "{F0000001-0000-0000-0000-000000000007}"
EndProject
Project("{2150E333-8FDC-42A3-9474-1A3956D46DE8}") = "tests", "tests", "{F0000001-0000-0000-0000-000000000008}"
EndProject
Project("{FAE04EC0-301F-11D3-BF4B-00C04F79EFBC}") = "TraderUI", "src\TraderApp\TraderUI.csproj", "{0DC55BE9-7BB6-4C65-A668-70E2201B2CD8}"
EndProject
Project("{FAE04EC0-301F-11D3-BF4B-00C04F79EFBC}") = "TraderBackend", "src\Trader.Backend\TraderBackend.csproj", "{E48573BB-59C3-4005-8058-5EF68AF53AD3}"
EndProject
Project("{FAE04EC0-301F-11D3-BF4B-00C04F79EFBC}") = "BrainSystemNative", "src\BrainSystem\Native\BrainSystem.csproj", "{5B041D4E-26A4-4EC3-8CBB-918D02A9C08C}"
EndProject
Project("{FAE04EC0-301F-11D3-BF4B-00C04F79EFBC}") = "BrainSystem.Core", "src\BrainSystem\Api\src\BrainSystem.Core\BrainSystem.Core.csproj", "{E0E0998D-096E-4094-ADB9-B6E59D1CD189}"
EndProject
Project("{FAE04EC0-301F-11D3-BF4B-00C04F79EFBC}") = "BrainSystem.Api", "src\BrainSystem\Api\src\BrainSystem.Api\BrainSystem.Api.csproj", "{FD29DDFD-217F-48ED-922C-6869D0537541}"
EndProject
Project("{FAE04EC0-301F-11D3-BF4B-00C04F79EFBC}") = "BrainSystem.Tests", "src\BrainSystem\Api\tests\BrainSystem.Tests\BrainSystem.Tests.csproj", "{724597E0-4802-411B-9CFF-B4590FD304E1}"
EndProject
Project("{FAE04EC0-301F-11D3-BF4B-00C04F79EFBC}") = "Brain.Core", "src\BrainSystem\Modular\src\Brain.Core\Brain.Core.csproj", "{A1100001-0000-0000-0000-000000000001}"
EndProject
Project("{FAE04EC0-301F-11D3-BF4B-00C04F79EFBC}") = "Brain.Memory", "src\BrainSystem\Modular\src\Brain.Memory\Brain.Memory.csproj", "{A1100001-0000-0000-0000-000000000002}"
EndProject
Project("{FAE04EC0-301F-11D3-BF4B-00C04F79EFBC}") = "Brain.LLM", "src\BrainSystem\Modular\src\Brain.LLM\Brain.LLM.csproj", "{A1100001-0000-0000-0000-000000000003}"
EndProject
Project("{FAE04EC0-301F-11D3-BF4B-00C04F79EFBC}") = "Brain.Tools", "src\BrainSystem\Modular\src\Brain.Tools\Brain.Tools.csproj", "{A1100001-0000-0000-0000-000000000004}"
EndProject
Project("{FAE04EC0-301F-11D3-BF4B-00C04F79EFBC}") = "Brain.Training", "src\BrainSystem\Modular\src\Brain.Training\Brain.Training.csproj", "{A1100001-0000-0000-0000-000000000005}"
EndProject
Project("{FAE04EC0-301F-11D3-BF4B-00C04F79EFBC}") = "Brain.API", "src\BrainSystem\Modular\src\Brain.API\Brain.API.csproj", "{A1100001-0000-0000-0000-000000000006}"
EndProject
Project("{FAE04EC0-301F-11D3-BF4B-00C04F79EFBC}") = "Brain.Launcher", "src\BrainSystem\Modular\src\Brain.Launcher\Brain.Launcher.csproj", "{A1100001-0000-0000-0000-000000000007}"
EndProject
Project("{FAE04EC0-301F-11D3-BF4B-00C04F79EFBC}") = "DsiAgentic.Core", "src\DsiAgentic\src\DsiAgentic.Core\DsiAgentic.Core.csproj", "{FA5EEF3E-87B9-4ECE-857C-768451BE9744}"
EndProject
Project("{FAE04EC0-301F-11D3-BF4B-00C04F79EFBC}") = "DsiAgentic.Deriv", "src\DsiAgentic\src\DsiAgentic.Deriv\DsiAgentic.Deriv.csproj", "{829F01AE-3F65-4F9D-BADD-DC24D0480912}"
EndProject
Project("{FAE04EC0-301F-11D3-BF4B-00C04F79EFBC}") = "DsiAgentic.Indicators", "src\DsiAgentic\src\DsiAgentic.Indicators\DsiAgentic.Indicators.csproj", "{E6EA54EA-C642-4AF5-9C68-6C9EEBCA19A1}"
EndProject
Project("{FAE04EC0-301F-11D3-BF4B-00C04F79EFBC}") = "DsiAgentic.Divergence", "src\DsiAgentic\src\DsiAgentic.Divergence\DsiAgentic.Divergence.csproj", "{43684DD8-D7FA-4519-8B89-E49799B7B1A1}"
EndProject
Project("{FAE04EC0-301F-11D3-BF4B-00C04F79EFBC}") = "DsiAgentic.Strategies", "src\DsiAgentic\src\DsiAgentic.Strategies\DsiAgentic.Strategies.csproj", "{09FD92C6-4829-4FED-9798-2C3EE37F32F9}"
EndProject
Project("{FAE04EC0-301F-11D3-BF4B-00C04F79EFBC}") = "DsiAgentic.Kernels", "src\DsiAgentic\src\DsiAgentic.Kernels\DsiAgentic.Kernels.csproj", "{0EE57C13-1076-4B43-B31C-4BB29571E031}"
EndProject
Project("{FAE04EC0-301F-11D3-BF4B-00C04F79EFBC}") = "DsiAgentic.Brains", "src\DsiAgentic\src\DsiAgentic.Brains\DsiAgentic.Brains.csproj", "{17E9541E-BE55-497E-B41C-E332894C0997}"
EndProject
Project("{FAE04EC0-301F-11D3-BF4B-00C04F79EFBC}") = "DsiAgentic.Learning", "src\DsiAgentic\src\DsiAgentic.Learning\DsiAgentic.Learning.csproj", "{D953049A-38F6-4197-92FA-A0ED6459746C}"
EndProject
Project("{FAE04EC0-301F-11D3-BF4B-00C04F79EFBC}") = "DsiAgentic.Agents", "src\DsiAgentic\src\DsiAgentic.Agents\DsiAgentic.Agents.csproj", "{4ACA1F35-E40C-4C26-92E4-5B38B51326C9}"
EndProject
Project("{FAE04EC0-301F-11D3-BF4B-00C04F79EFBC}") = "DsiAgentic.Risk", "src\DsiAgentic\src\DsiAgentic.Risk\DsiAgentic.Risk.csproj", "{CD251C78-B0AD-4387-B740-510C42559F6E}"
EndProject
Project("{FAE04EC0-301F-11D3-BF4B-00C04F79EFBC}") = "DsiAgentic.Signals", "src\DsiAgentic\src\DsiAgentic.Signals\DsiAgentic.Signals.csproj", "{F88847F4-569D-42E6-A4EB-778B8616A196}"
EndProject
Project("{FAE04EC0-301F-11D3-BF4B-00C04F79EFBC}") = "DsiAgentic.Persistence", "src\DsiAgentic\src\DsiAgentic.Persistence\DsiAgentic.Persistence.csproj", "{7FE5D334-8766-4F29-953F-42BD2F4F0983}"
EndProject
Project("{FAE04EC0-301F-11D3-BF4B-00C04F79EFBC}") = "DsiAgentic.Orchestrator", "src\DsiAgentic\src\DsiAgentic.Orchestrator\DsiAgentic.Orchestrator.csproj", "{CF4D97F2-1BD0-4AE0-A815-59B6BA968E31}"
EndProject
Project("{FAE04EC0-301F-11D3-BF4B-00C04F79EFBC}") = "DsiAgentic.Cli", "src\DsiAgentic\src\DsiAgentic.Cli\DsiAgentic.Cli.csproj", "{5E8711C9-B996-4CDD-A790-B126E8F06150}"
EndProject
Project("{FAE04EC0-301F-11D3-BF4B-00C04F79EFBC}") = "NexusBrain.Core", "src\NexusBrain\src\NexusBrain.Core\NexusBrain.Core.csproj", "{6FD97D47-25A3-4AFB-B7E8-A4C87317C41C}"
EndProject
Project("{FAE04EC0-301F-11D3-BF4B-00C04F79EFBC}") = "NexusBrain.Indicators", "src\NexusBrain\src\NexusBrain.Indicators\NexusBrain.Indicators.csproj", "{F58BF0FB-D164-46A4-BC9A-AC1222D259F7}"
EndProject
Project("{FAE04EC0-301F-11D3-BF4B-00C04F79EFBC}") = "NexusBrain.Deriv", "src\NexusBrain\src\NexusBrain.Deriv\NexusBrain.Deriv.csproj", "{52CF516F-FFE6-40E7-A7A7-47B177E509EE}"
EndProject
Project("{FAE04EC0-301F-11D3-BF4B-00C04F79EFBC}") = "NexusBrain.Brain", "src\NexusBrain\src\NexusBrain.Brain\NexusBrain.Brain.csproj", "{02EB2438-924E-4988-A4EE-2AFFC49A1692}"
EndProject
Project("{FAE04EC0-301F-11D3-BF4B-00C04F79EFBC}") = "NexusBrain.Memory", "src\NexusBrain\src\NexusBrain.Memory\NexusBrain.Memory.csproj", "{AB6315FD-6692-4B50-9885-1EA5503C3A59}"
EndProject
Project("{FAE04EC0-301F-11D3-BF4B-00C04F79EFBC}") = "NexusBrain.Divergence", "src\NexusBrain\src\NexusBrain.Divergence\NexusBrain.Divergence.csproj", "{48163B86-6A9F-4638-9257-2D6D0BC74CB3}"
EndProject
Project("{FAE04EC0-301F-11D3-BF4B-00C04F79EFBC}") = "NexusBrain.Forex", "src\NexusBrain\src\NexusBrain.Forex\NexusBrain.Forex.csproj", "{9BC5B824-3365-467A-9C4A-3980B3D797F1}"
EndProject
Project("{FAE04EC0-301F-11D3-BF4B-00C04F79EFBC}") = "NexusBrain.Agents", "src\NexusBrain\src\NexusBrain.Agents\NexusBrain.Agents.csproj", "{C6F36B70-7F4E-480B-8BD5-C8C3CD081F81}"
EndProject
Project("{FAE04EC0-301F-11D3-BF4B-00C04F79EFBC}") = "NexusBrain.Orchestrator", "src\NexusBrain\src\NexusBrain.Orchestrator\NexusBrain.Orchestrator.csproj", "{97DD444F-EA34-404F-9067-26A318F8C32D}"
EndProject
Project("{FAE04EC0-301F-11D3-BF4B-00C04F79EFBC}") = "NexusBrain.Cli", "src\NexusBrain\src\NexusBrain.Cli\NexusBrain.Cli.csproj", "{59BC5E75-B9F4-45F9-A247-6B5E2B210ABF}"
EndProject
Project("{FAE04EC0-301F-11D3-BF4B-00C04F79EFBC}") = "AI_Brain", "src\AiBrain\AI_Brain.csproj", "{B2200001-0000-0000-0000-000000000001}"
EndProject
Project("{FAE04EC0-301F-11D3-BF4B-00C04F79EFBC}") = "AetherBrain", "src\AetherBrain\AetherBrain.csproj", "{B2200001-0000-0000-0000-000000000002}"
EndProject
Project("{FAE04EC0-301F-11D3-BF4B-00C04F79EFBC}") = "Trader.Backend.Tests", "tests\Trader.Backend.Tests\Trader.Backend.Tests.csproj", "{BB8A5047-8BF1-4358-8F0D-2FB26F1F01AC}"
EndProject
Project("{FAE04EC0-301F-11D3-BF4B-00C04F79EFBC}") = "NexusBrain.Tests", "tests\NexusBrain.Tests\NexusBrain.Tests.csproj", "{BFD98C05-5B7F-4F5C-AE76-A6E4F26EA0CF}"
EndProject
Project("{FAE04EC0-301F-11D3-BF4B-00C04F79EFBC}") = "Brain.Tests", "tests\Brain.Tests\Brain.Tests.csproj", "{CFD98C05-5B7F-4F5C-AE76-A6E4F26EA0CF}"
EndProject
Global
	GlobalSection(SolutionConfigurationPlatforms) = preSolution
		Debug|Any CPU = Debug|Any CPU
		Release|Any CPU = Release|Any CPU
	EndGlobalSection
	GlobalSection(ProjectConfigurationPlatforms) = postSolution
		{0DC55BE9-7BB6-4C65-A668-70E2201B2CD8}.Debug|Any CPU.ActiveCfg = Debug|Any CPU
		{0DC55BE9-7BB6-4C65-A668-70E2201B2CD8}.Debug|Any CPU.Build.0 = Debug|Any CPU
		{0DC55BE9-7BB6-4C65-A668-70E2201B2CD8}.Release|Any CPU.ActiveCfg = Release|Any CPU
		{0DC55BE9-7BB6-4C65-A668-70E2201B2CD8}.Release|Any CPU.Build.0 = Release|Any CPU
		{E48573BB-59C3-4005-8058-5EF68AF53AD3}.Debug|Any CPU.ActiveCfg = Debug|Any CPU
		{E48573BB-59C3-4005-8058-5EF68AF53AD3}.Debug|Any CPU.Build.0 = Debug|Any CPU
		{E48573BB-59C3-4005-8058-5EF68AF53AD3}.Release|Any CPU.ActiveCfg = Release|Any CPU
		{E48573BB-59C3-4005-8058-5EF68AF53AD3}.Release|Any CPU.Build.0 = Release|Any CPU
		{5B041D4E-26A4-4EC3-8CBB-918D02A9C08C}.Debug|Any CPU.ActiveCfg = Debug|Any CPU
		{5B041D4E-26A4-4EC3-8CBB-918D02A9C08C}.Debug|Any CPU.Build.0 = Debug|Any CPU
		{5B041D4E-26A4-4EC3-8CBB-918D02A9C08C}.Release|Any CPU.ActiveCfg = Release|Any CPU
		{5B041D4E-26A4-4EC3-8CBB-918D02A9C08C}.Release|Any CPU.Build.0 = Release|Any CPU
		{E0E0998D-096E-4094-ADB9-B6E59D1CD189}.Debug|Any CPU.ActiveCfg = Debug|Any CPU
		{E0E0998D-096E-4094-ADB9-B6E59D1CD189}.Debug|Any CPU.Build.0 = Debug|Any CPU
		{E0E0998D-096E-4094-ADB9-B6E59D1CD189}.Release|Any CPU.ActiveCfg = Release|Any CPU
		{E0E0998D-096E-4094-ADB9-B6E59D1CD189}.Release|Any CPU.Build.0 = Release|Any CPU
		{FD29DDFD-217F-48ED-922C-6869D0537541}.Debug|Any CPU.ActiveCfg = Debug|Any CPU
		{FD29DDFD-217F-48ED-922C-6869D0537541}.Debug|Any CPU.Build.0 = Debug|Any CPU
		{FD29DDFD-217F-48ED-922C-6869D0537541}.Release|Any CPU.ActiveCfg = Release|Any CPU
		{FD29DDFD-217F-48ED-922C-6869D0537541}.Release|Any CPU.Build.0 = Release|Any CPU
		{724597E0-4802-411B-9CFF-B4590FD304E1}.Debug|Any CPU.ActiveCfg = Debug|Any CPU
		{724597E0-4802-411B-9CFF-B4590FD304E1}.Debug|Any CPU.Build.0 = Debug|Any CPU
		{724597E0-4802-411B-9CFF-B4590FD304E1}.Release|Any CPU.ActiveCfg = Release|Any CPU
		{724597E0-4802-411B-9CFF-B4590FD304E1}.Release|Any CPU.Build.0 = Release|Any CPU
		{A1100001-0000-0000-0000-000000000001}.Debug|Any CPU.ActiveCfg = Debug|Any CPU
		{A1100001-0000-0000-0000-000000000001}.Debug|Any CPU.Build.0 = Debug|Any CPU
		{A1100001-0000-0000-0000-000000000001}.Release|Any CPU.ActiveCfg = Release|Any CPU
		{A1100001-0000-0000-0000-000000000001}.Release|Any CPU.Build.0 = Release|Any CPU
		{A1100001-0000-0000-0000-000000000002}.Debug|Any CPU.ActiveCfg = Debug|Any CPU
		{A1100001-0000-0000-0000-000000000002}.Debug|Any CPU.Build.0 = Debug|Any CPU
		{A1100001-0000-0000-0000-000000000002}.Release|Any CPU.ActiveCfg = Release|Any CPU
		{A1100001-0000-0000-0000-000000000002}.Release|Any CPU.Build.0 = Release|Any CPU
		{A1100001-0000-0000-0000-000000000003}.Debug|Any CPU.ActiveCfg = Debug|Any CPU
		{A1100001-0000-0000-0000-000000000003}.Debug|Any CPU.Build.0 = Debug|Any CPU
		{A1100001-0000-0000-0000-000000000003}.Release|Any CPU.ActiveCfg = Release|Any CPU
		{A1100001-0000-0000-0000-000000000003}.Release|Any CPU.Build.0 = Release|Any CPU
		{A1100001-0000-0000-0000-000000000004}.Debug|Any CPU.ActiveCfg = Debug|Any CPU
		{A1100001-0000-0000-0000-000000000004}.Debug|Any CPU.Build.0 = Debug|Any CPU
		{A1100001-0000-0000-0000-000000000004}.Release|Any CPU.ActiveCfg = Release|Any CPU
		{A1100001-0000-0000-0000-000000000004}.Release|Any CPU.Build.0 = Release|Any CPU
		{A1100001-0000-0000-0000-000000000005}.Debug|Any CPU.ActiveCfg = Debug|Any CPU
		{A1100001-0000-0000-0000-000000000005}.Debug|Any CPU.Build.0 = Debug|Any CPU
		{A1100001-0000-0000-0000-000000000005}.Release|Any CPU.ActiveCfg = Release|Any CPU
		{A1100001-0000-0000-0000-000000000005}.Release|Any CPU.Build.0 = Release|Any CPU
		{A1100001-0000-0000-0000-000000000006}.Debug|Any CPU.ActiveCfg = Debug|Any CPU
		{A1100001-0000-0000-0000-000000000006}.Debug|Any CPU.Build.0 = Debug|Any CPU
		{A1100001-0000-0000-0000-000000000006}.Release|Any CPU.ActiveCfg = Release|Any CPU
		{A1100001-0000-0000-0000-000000000006}.Release|Any CPU.Build.0 = Release|Any CPU
		{A1100001-0000-0000-0000-000000000007}.Debug|Any CPU.ActiveCfg = Debug|Any CPU
		{A1100001-0000-0000-0000-000000000007}.Debug|Any CPU.Build.0 = Debug|Any CPU
		{A1100001-0000-0000-0000-000000000007}.Release|Any CPU.ActiveCfg = Release|Any CPU
		{A1100001-0000-0000-0000-000000000007}.Release|Any CPU.Build.0 = Release|Any CPU
		{FA5EEF3E-87B9-4ECE-857C-768451BE9744}.Debug|Any CPU.ActiveCfg = Debug|Any CPU
		{FA5EEF3E-87B9-4ECE-857C-768451BE9744}.Debug|Any CPU.Build.0 = Debug|Any CPU
		{FA5EEF3E-87B9-4ECE-857C-768451BE9744}.Release|Any CPU.ActiveCfg = Release|Any CPU
		{FA5EEF3E-87B9-4ECE-857C-768451BE9744}.Release|Any CPU.Build.0 = Release|Any CPU
		{829F01AE-3F65-4F9D-BADD-DC24D0480912}.Debug|Any CPU.ActiveCfg = Debug|Any CPU
		{829F01AE-3F65-4F9D-BADD-DC24D0480912}.Debug|Any CPU.Build.0 = Debug|Any CPU
		{829F01AE-3F65-4F9D-BADD-DC24D0480912}.Release|Any CPU.ActiveCfg = Release|Any CPU
		{829F01AE-3F65-4F9D-BADD-DC24D0480912}.Release|Any CPU.Build.0 = Release|Any CPU
		{E6EA54EA-C642-4AF5-9C68-6C9EEBCA19A1}.Debug|Any CPU.ActiveCfg = Debug|Any CPU
		{E6EA54EA-C642-4AF5-9C68-6C9EEBCA19A1}.Debug|Any CPU.Build.0 = Debug|Any CPU
		{E6EA54EA-C642-4AF5-9C68-6C9EEBCA19A1}.Release|Any CPU.ActiveCfg = Release|Any CPU
		{E6EA54EA-C642-4AF5-9C68-6C9EEBCA19A1}.Release|Any CPU.Build.0 = Release|Any CPU
		{43684DD8-D7FA-4519-8B89-E49799B7B1A1}.Debug|Any CPU.ActiveCfg = Debug|Any CPU
		{43684DD8-D7FA-4519-8B89-E49799B7B1A1}.Debug|Any CPU.Build.0 = Debug|Any CPU
		{43684DD8-D7FA-4519-8B89-E49799B7B1A1}.Release|Any CPU.ActiveCfg = Release|Any CPU
		{43684DD8-D7FA-4519-8B89-E49799B7B1A1}.Release|Any CPU.Build.0 = Release|Any CPU
		{09FD92C6-4829-4FED-9798-2C3EE37F32F9}.Debug|Any CPU.ActiveCfg = Debug|Any CPU
		{09FD92C6-4829-4FED-9798-2C3EE37F32F9}.Debug|Any CPU.Build.0 = Debug|Any CPU
		{09FD92C6-4829-4FED-9798-2C3EE37F32F9}.Release|Any CPU.ActiveCfg = Release|Any CPU
		{09FD92C6-4829-4FED-9798-2C3EE37F32F9}.Release|Any CPU.Build.0 = Release|Any CPU
		{0EE57C13-1076-4B43-B31C-4BB29571E031}.Debug|Any CPU.ActiveCfg = Debug|Any CPU
		{0EE57C13-1076-4B43-B31C-4BB29571E031}.Debug|Any CPU.Build.0 = Debug|Any CPU
		{0EE57C13-1076-4B43-B31C-4BB29571E031}.Release|Any CPU.ActiveCfg = Release|Any CPU
		{0EE57C13-1076-4B43-B31C-4BB29571E031}.Release|Any CPU.Build.0 = Release|Any CPU
		{17E9541E-BE55-497E-B41C-E332894C0997}.Debug|Any CPU.ActiveCfg = Debug|Any CPU
		{17E9541E-BE55-497E-B41C-E332894C0997}.Debug|Any CPU.Build.0 = Debug|Any CPU
		{17E9541E-BE55-497E-B41C-E332894C0997}.Release|Any CPU.ActiveCfg = Release|Any CPU
		{17E9541E-BE55-497E-B41C-E332894C0997}.Release|Any CPU.Build.0 = Release|Any CPU
		{D953049A-38F6-4197-92FA-A0ED6459746C}.Debug|Any CPU.ActiveCfg = Debug|Any CPU
		{D953049A-38F6-4197-92FA-A0ED6459746C}.Debug|Any CPU.Build.0 = Debug|Any CPU
		{D953049A-38F6-4197-92FA-A0ED6459746C}.Release|Any CPU.ActiveCfg = Release|Any CPU
		{D953049A-38F6-4197-92FA-A0ED6459746C}.Release|Any CPU.Build.0 = Release|Any CPU
		{4ACA1F35-E40C-4C26-92E4-5B38B51326C9}.Debug|Any CPU.ActiveCfg = Debug|Any CPU
		{4ACA1F35-E40C-4C26-92E4-5B38B51326C9}.Debug|Any CPU.Build.0 = Debug|Any CPU
		{4ACA1F35-E40C-4C26-92E4-5B38B51326C9}.Release|Any CPU.ActiveCfg = Release|Any CPU
		{4ACA1F35-E40C-4C26-92E4-5B38B51326C9}.Release|Any CPU.Build.0 = Release|Any CPU
		{CD251C78-B0AD-4387-B740-510C42559F6E}.Debug|Any CPU.ActiveCfg = Debug|Any CPU
		{CD251C78-B0AD-4387-B740-510C42559F6E}.Debug|Any CPU.Build.0 = Debug|Any CPU
		{CD251C78-B0AD-4387-B740-510C42559F6E}.Release|Any CPU.ActiveCfg = Release|Any CPU
		{CD251C78-B0AD-4387-B740-510C42559F6E}.Release|Any CPU.Build.0 = Release|Any CPU
		{F88847F4-569D-42E6-A4EB-778B8616A196}.Debug|Any CPU.ActiveCfg = Debug|Any CPU
		{F88847F4-569D-42E6-A4EB-778B8616A196}.Debug|Any CPU.Build.0 = Debug|Any CPU
		{F88847F4-569D-42E6-A4EB-778B8616A196}.Release|Any CPU.ActiveCfg = Release|Any CPU
		{F88847F4-569D-42E6-A4EB-778B8616A196}.Release|Any CPU.Build.0 = Release|Any CPU
		{7FE5D334-8766-4F29-953F-42BD2F4F0983}.Debug|Any CPU.ActiveCfg = Debug|Any CPU
		{7FE5D334-8766-4F29-953F-42BD2F4F0983}.Debug|Any CPU.Build.0 = Debug|Any CPU
		{7FE5D334-8766-4F29-953F-42BD2F4F0983}.Release|Any CPU.ActiveCfg = Release|Any CPU
		{7FE5D334-8766-4F29-953F-42BD2F4F0983}.Release|Any CPU.Build.0 = Release|Any CPU
		{CF4D97F2-1BD0-4AE0-A815-59B6BA968E31}.Debug|Any CPU.ActiveCfg = Debug|Any CPU
		{CF4D97F2-1BD0-4AE0-A815-59B6BA968E31}.Debug|Any CPU.Build.0 = Debug|Any CPU
		{CF4D97F2-1BD0-4AE0-A815-59B6BA968E31}.Release|Any CPU.ActiveCfg = Release|Any CPU
		{CF4D97F2-1BD0-4AE0-A815-59B6BA968E31}.Release|Any CPU.Build.0 = Release|Any CPU
		{5E8711C9-B996-4CDD-A790-B126E8F06150}.Debug|Any CPU.ActiveCfg = Debug|Any CPU
		{5E8711C9-B996-4CDD-A790-B126E8F06150}.Debug|Any CPU.Build.0 = Debug|Any CPU
		{5E8711C9-B996-4CDD-A790-B126E8F06150}.Release|Any CPU.ActiveCfg = Release|Any CPU
		{5E8711C9-B996-4CDD-A790-B126E8F06150}.Release|Any CPU.Build.0 = Release|Any CPU
		{6FD97D47-25A3-4AFB-B7E8-A4C87317C41C}.Debug|Any CPU.ActiveCfg = Debug|Any CPU
		{6FD97D47-25A3-4AFB-B7E8-A4C87317C41C}.Debug|Any CPU.Build.0 = Debug|Any CPU
		{6FD97D47-25A3-4AFB-B7E8-A4C87317C41C}.Release|Any CPU.ActiveCfg = Release|Any CPU
		{6FD97D47-25A3-4AFB-B7E8-A4C87317C41C}.Release|Any CPU.Build.0 = Release|Any CPU
		{F58BF0FB-D164-46A4-BC9A-AC1222D259F7}.Debug|Any CPU.ActiveCfg = Debug|Any CPU
		{F58BF0FB-D164-46A4-BC9A-AC1222D259F7}.Debug|Any CPU.Build.0 = Debug|Any CPU
		{F58BF0FB-D164-46A4-BC9A-AC1222D259F7}.Release|Any CPU.ActiveCfg = Release|Any CPU
		{F58BF0FB-D164-46A4-BC9A-AC1222D259F7}.Release|Any CPU.Build.0 = Release|Any CPU
		{52CF516F-FFE6-40E7-A7A7-47B177E509EE}.Debug|Any CPU.ActiveCfg = Debug|Any CPU
		{52CF516F-FFE6-40E7-A7A7-47B177E509EE}.Debug|Any CPU.Build.0 = Debug|Any CPU
		{52CF516F-FFE6-40E7-A7A7-47B177E509EE}.Release|Any CPU.ActiveCfg = Release|Any CPU
		{52CF516F-FFE6-40E7-A7A7-47B177E509EE}.Release|Any CPU.Build.0 = Release|Any CPU
		{02EB2438-924E-4988-A4EE-2AFFC49A1692}.Debug|Any CPU.ActiveCfg = Debug|Any CPU
		{02EB2438-924E-4988-A4EE-2AFFC49A1692}.Debug|Any CPU.Build.0 = Debug|Any CPU
		{02EB2438-924E-4988-A4EE-2AFFC49A1692}.Release|Any CPU.ActiveCfg = Release|Any CPU
		{02EB2438-924E-4988-A4EE-2AFFC49A1692}.Release|Any CPU.Build.0 = Release|Any CPU
		{AB6315FD-6692-4B50-9885-1EA5503C3A59}.Debug|Any CPU.ActiveCfg = Debug|Any CPU
		{AB6315FD-6692-4B50-9885-1EA5503C3A59}.Debug|Any CPU.Build.0 = Debug|Any CPU
		{AB6315FD-6692-4B50-9885-1EA5503C3A59}.Release|Any CPU.ActiveCfg = Release|Any CPU
		{AB6315FD-6692-4B50-9885-1EA5503C3A59}.Release|Any CPU.Build.0 = Release|Any CPU
		{48163B86-6A9F-4638-9257-2D6D0BC74CB3}.Debug|Any CPU.ActiveCfg = Debug|Any CPU
		{48163B86-6A9F-4638-9257-2D6D0BC74CB3}.Debug|Any CPU.Build.0 = Debug|Any CPU
		{48163B86-6A9F-4638-9257-2D6D0BC74CB3}.Release|Any CPU.ActiveCfg = Release|Any CPU
		{48163B86-6A9F-4638-9257-2D6D0BC74CB3}.Release|Any CPU.Build.0 = Release|Any CPU
		{9BC5B824-3365-467A-9C4A-3980B3D797F1}.Debug|Any CPU.ActiveCfg = Debug|Any CPU
		{9BC5B824-3365-467A-9C4A-3980B3D797F1}.Debug|Any CPU.Build.0 = Debug|Any CPU
		{9BC5B824-3365-467A-9C4A-3980B3D797F1}.Release|Any CPU.ActiveCfg = Release|Any CPU
		{9BC5B824-3365-467A-9C4A-3980B3D797F1}.Release|Any CPU.Build.0 = Release|Any CPU
		{C6F36B70-7F4E-480B-8BD5-C8C3CD081F81}.Debug|Any CPU.ActiveCfg = Debug|Any CPU
		{C6F36B70-7F4E-480B-8BD5-C8C3CD081F81}.Debug|Any CPU.Build.0 = Debug|Any CPU
		{C6F36B70-7F4E-480B-8BD5-C8C3CD081F81}.Release|Any CPU.ActiveCfg = Release|Any CPU
		{C6F36B70-7F4E-480B-8BD5-C8C3CD081F81}.Release|Any CPU.Build.0 = Release|Any CPU
		{97DD444F-EA34-404F-9067-26A318F8C32D}.Debug|Any CPU.ActiveCfg = Debug|Any CPU
		{97DD444F-EA34-404F-9067-26A318F8C32D}.Debug|Any CPU.Build.0 = Debug|Any CPU
		{97DD444F-EA34-404F-9067-26A318F8C32D}.Release|Any CPU.ActiveCfg = Release|Any CPU
		{97DD444F-EA34-404F-9067-26A318F8C32D}.Release|Any CPU.Build.0 = Release|Any CPU
		{59BC5E75-B9F4-45F9-A247-6B5E2B210ABF}.Debug|Any CPU.ActiveCfg = Debug|Any CPU
		{59BC5E75-B9F4-45F9-A247-6B5E2B210ABF}.Debug|Any CPU.Build.0 = Debug|Any CPU
		{59BC5E75-B9F4-45F9-A247-6B5E2B210ABF}.Release|Any CPU.ActiveCfg = Release|Any CPU
		{59BC5E75-B9F4-45F9-A247-6B5E2B210ABF}.Release|Any CPU.Build.0 = Release|Any CPU
		{B2200001-0000-0000-0000-000000000001}.Debug|Any CPU.ActiveCfg = Debug|Any CPU
		{B2200001-0000-0000-0000-000000000001}.Debug|Any CPU.Build.0 = Debug|Any CPU
		{B2200001-0000-0000-0000-000000000001}.Release|Any CPU.ActiveCfg = Release|Any CPU
		{B2200001-0000-0000-0000-000000000001}.Release|Any CPU.Build.0 = Release|Any CPU
		{B2200001-0000-0000-0000-000000000002}.Debug|Any CPU.ActiveCfg = Debug|Any CPU
		{B2200001-0000-0000-0000-000000000002}.Debug|Any CPU.Build.0 = Debug|Any CPU
		{B2200001-0000-0000-0000-000000000002}.Release|Any CPU.ActiveCfg = Release|Any CPU
		{B2200001-0000-0000-0000-000000000002}.Release|Any CPU.Build.0 = Release|Any CPU
		{BB8A5047-8BF1-4358-8F0D-2FB26F1F01AC}.Debug|Any CPU.ActiveCfg = Debug|Any CPU
		{BB8A5047-8BF1-4358-8F0D-2FB26F1F01AC}.Debug|Any CPU.Build.0 = Debug|Any CPU
		{BB8A5047-8BF1-4358-8F0D-2FB26F1F01AC}.Release|Any CPU.ActiveCfg = Release|Any CPU
		{BB8A5047-8BF1-4358-8F0D-2FB26F1F01AC}.Release|Any CPU.Build.0 = Release|Any CPU
		{BFD98C05-5B7F-4F5C-AE76-A6E4F26EA0CF}.Debug|Any CPU.ActiveCfg = Debug|Any CPU
		{BFD98C05-5B7F-4F5C-AE76-A6E4F26EA0CF}.Debug|Any CPU.Build.0 = Debug|Any CPU
		{BFD98C05-5B7F-4F5C-AE76-A6E4F26EA0CF}.Release|Any CPU.ActiveCfg = Release|Any CPU
		{BFD98C05-5B7F-4F5C-AE76-A6E4F26EA0CF}.Release|Any CPU.Build.0 = Release|Any CPU
		{CFD98C05-5B7F-4F5C-AE76-A6E4F26EA0CF}.Debug|Any CPU.ActiveCfg = Debug|Any CPU
		{CFD98C05-5B7F-4F5C-AE76-A6E4F26EA0CF}.Debug|Any CPU.Build.0 = Debug|Any CPU
		{CFD98C05-5B7F-4F5C-AE76-A6E4F26EA0CF}.Release|Any CPU.ActiveCfg = Release|Any CPU
		{CFD98C05-5B7F-4F5C-AE76-A6E4F26EA0CF}.Release|Any CPU.Build.0 = Release|Any CPU
	EndGlobalSection
	GlobalSection(SolutionProperties) = preSolution
		HideSolutionNode = FALSE
	EndGlobalSection
	GlobalSection(NestedProjects) = preSolution
		{F0000001-0000-0000-0000-000000000001} = {F0000000-0000-0000-0000-000000000000}
		{F0000001-0000-0000-0000-000000000002} = {F0000000-0000-0000-0000-000000000000}
		{F0000001-0000-0000-0000-000000000003} = {F0000000-0000-0000-0000-000000000000}
		{F0000001-0000-0000-0000-000000000004} = {F0000000-0000-0000-0000-000000000000}
		{F0000001-0000-0000-0000-000000000005} = {F0000000-0000-0000-0000-000000000000}
		{F0000001-0000-0000-0000-000000000006} = {F0000000-0000-0000-0000-000000000000}
		{F0000001-0000-0000-0000-000000000007} = {F0000000-0000-0000-0000-000000000000}
		{0DC55BE9-7BB6-4C65-A668-70E2201B2CD8} = {F0000001-0000-0000-0000-000000000001}
		{E48573BB-59C3-4005-8058-5EF68AF53AD3} = {F0000001-0000-0000-0000-000000000002}
		{5B041D4E-26A4-4EC3-8CBB-918D02A9C08C} = {F0000001-0000-0000-0000-000000000003}
		{E0E0998D-096E-4094-ADB9-B6E59D1CD189} = {F0000001-0000-0000-0000-000000000003}
		{FD29DDFD-217F-48ED-922C-6869D0537541} = {F0000001-0000-0000-0000-000000000003}
		{724597E0-4802-411B-9CFF-B4590FD304E1} = {F0000001-0000-0000-0000-000000000003}
		{A1100001-0000-0000-0000-000000000001} = {F0000001-0000-0000-0000-000000000003}
		{A1100001-0000-0000-0000-000000000002} = {F0000001-0000-0000-0000-000000000003}
		{A1100001-0000-0000-0000-000000000003} = {F0000001-0000-0000-0000-000000000003}
		{A1100001-0000-0000-0000-000000000004} = {F0000001-0000-0000-0000-000000000003}
		{A1100001-0000-0000-0000-000000000005} = {F0000001-0000-0000-0000-000000000003}
		{A1100001-0000-0000-0000-000000000006} = {F0000001-0000-0000-0000-000000000003}
		{A1100001-0000-0000-0000-000000000007} = {F0000001-0000-0000-0000-000000000003}
		{FA5EEF3E-87B9-4ECE-857C-768451BE9744} = {F0000001-0000-0000-0000-000000000004}
		{829F01AE-3F65-4F9D-BADD-DC24D0480912} = {F0000001-0000-0000-0000-000000000004}
		{E6EA54EA-C642-4AF5-9C68-6C9EEBCA19A1} = {F0000001-0000-0000-0000-000000000004}
		{43684DD8-D7FA-4519-8B89-E49799B7B1A1} = {F0000001-0000-0000-0000-000000000004}
		{09FD92C6-4829-4FED-9798-2C3EE37F32F9} = {F0000001-0000-0000-0000-000000000004}
		{0EE57C13-1076-4B43-B31C-4BB29571E031} = {F0000001-0000-0000-0000-000000000004}
		{17E9541E-BE55-497E-B41C-E332894C0997} = {F0000001-0000-0000-0000-000000000004}
		{D953049A-38F6-4197-92FA-A0ED6459746C} = {F0000001-0000-0000-0000-000000000004}
		{4ACA1F35-E40C-4C26-92E4-5B38B51326C9} = {F0000001-0000-0000-0000-000000000004}
		{CD251C78-B0AD-4387-B740-510C42559F6E} = {F0000001-0000-0000-0000-000000000004}
		{F88847F4-569D-42E6-A4EB-778B8616A196} = {F0000001-0000-0000-0000-000000000004}
		{7FE5D334-8766-4F29-953F-42BD2F4F0983} = {F0000001-0000-0000-0000-000000000004}
		{CF4D97F2-1BD0-4AE0-A815-59B6BA968E31} = {F0000001-0000-0000-0000-000000000004}
		{5E8711C9-B996-4CDD-A790-B126E8F06150} = {F0000001-0000-0000-0000-000000000004}
		{6FD97D47-25A3-4AFB-B7E8-A4C87317C41C} = {F0000001-0000-0000-0000-000000000005}
		{F58BF0FB-D164-46A4-BC9A-AC1222D259F7} = {F0000001-0000-0000-0000-000000000005}
		{52CF516F-FFE6-40E7-A7A7-47B177E509EE} = {F0000001-0000-0000-0000-000000000005}
		{02EB2438-924E-4988-A4EE-2AFFC49A1692} = {F0000001-0000-0000-0000-000000000005}
		{AB6315FD-6692-4B50-9885-1EA5503C3A59} = {F0000001-0000-0000-0000-000000000005}
		{48163B86-6A9F-4638-9257-2D6D0BC74CB3} = {F0000001-0000-0000-0000-000000000005}
		{9BC5B824-3365-467A-9C4A-3980B3D797F1} = {F0000001-0000-0000-0000-000000000005}
		{C6F36B70-7F4E-480B-8BD5-C8C3CD081F81} = {F0000001-0000-0000-0000-000000000005}
		{97DD444F-EA34-404F-9067-26A318F8C32D} = {F0000001-0000-0000-0000-000000000005}
		{59BC5E75-B9F4-45F9-A247-6B5E2B210ABF} = {F0000001-0000-0000-0000-000000000005}
		{B2200001-0000-0000-0000-000000000001} = {F0000001-0000-0000-0000-000000000006}
		{B2200001-0000-0000-0000-000000000002} = {F0000001-0000-0000-0000-000000000007}
		{BB8A5047-8BF1-4358-8F0D-2FB26F1F01AC} = {F0000001-0000-0000-0000-000000000008}
		{BFD98C05-5B7F-4F5C-AE76-A6E4F26EA0CF} = {F0000001-0000-0000-0000-000000000008}
		{CFD98C05-5B7F-4F5C-AE76-A6E4F26EA0CF} = {F0000001-0000-0000-0000-000000000008}
	EndGlobalSection
EndGlobal
