
Microsoft Visual Studio Solution File, Format Version 12.00
# Visual Studio Version 17
VisualStudioVersion = 17.0.31903.59
MinimumVisualStudioVersion = 10.0.40219.1
Project("{2150E333-8FDC-42A3-9474-1A3956D46DE8}") = "src", "src", "{43B990A1-A921-4E4B-8627-7C7797C6EF3C}"
EndProject
Project("{FAE04EC0-301F-11D3-BF4B-00C04F79EFBC}") = "NexusBrain.Core", "src\NexusBrain.Core\NexusBrain.Core.csproj", "{6FD97D47-25A3-4AFB-B7E8-A4C87317C41C}"
EndProject
Project("{FAE04EC0-301F-11D3-BF4B-00C04F79EFBC}") = "NexusBrain.Indicators", "src\NexusBrain.Indicators\NexusBrain.Indicators.csproj", "{F58BF0FB-D164-46A4-BC9A-AC1222D259F7}"
EndProject
Project("{FAE04EC0-301F-11D3-BF4B-00C04F79EFBC}") = "NexusBrain.Deriv", "src\NexusBrain.Deriv\NexusBrain.Deriv.csproj", "{52CF516F-FFE6-40E7-A7A7-47B177E509EE}"
EndProject
Project("{FAE04EC0-301F-11D3-BF4B-00C04F79EFBC}") = "NexusBrain.Brain", "src\NexusBrain.Brain\NexusBrain.Brain.csproj", "{02EB2438-924E-4988-A4EE-2AFFC49A1692}"
EndProject
Project("{FAE04EC0-301F-11D3-BF4B-00C04F79EFBC}") = "NexusBrain.Memory", "src\NexusBrain.Memory\NexusBrain.Memory.csproj", "{AB6315FD-6692-4B50-9885-1EA5503C3A59}"
EndProject
Project("{FAE04EC0-301F-11D3-BF4B-00C04F79EFBC}") = "NexusBrain.Divergence", "src\NexusBrain.Divergence\NexusBrain.Divergence.csproj", "{48163B86-6A9F-4638-9257-2D6D0BC74CB3}"
EndProject
Project("{FAE04EC0-301F-11D3-BF4B-00C04F79EFBC}") = "NexusBrain.Forex", "src\NexusBrain.Forex\NexusBrain.Forex.csproj", "{9BC5B824-3365-467A-9C4A-3980B3D797F1}"
EndProject
Project("{FAE04EC0-301F-11D3-BF4B-00C04F79EFBC}") = "NexusBrain.Agents", "src\NexusBrain.Agents\NexusBrain.Agents.csproj", "{C6F36B70-7F4E-480B-8BD5-C8C3CD081F81}"
EndProject
Project("{FAE04EC0-301F-11D3-BF4B-00C04F79EFBC}") = "NexusBrain.Orchestrator", "src\NexusBrain.Orchestrator\NexusBrain.Orchestrator.csproj", "{97DD444F-EA34-404F-9067-26A318F8C32D}"
EndProject
Project("{FAE04EC0-301F-11D3-BF4B-00C04F79EFBC}") = "NexusBrain.Cli", "src\NexusBrain.Cli\NexusBrain.Cli.csproj", "{59BC5E75-B9F4-45F9-A247-6B5E2B210ABF}"
EndProject
Project("{2150E333-8FDC-42A3-9474-1A3956D46DE8}") = "tests", "tests", "{35FA9A6F-1B37-4AAE-B312-187EF6B628A9}"
EndProject
Project("{FAE04EC0-301F-11D3-BF4B-00C04F79EFBC}") = "NexusBrain.Tests", "tests\NexusBrain.Tests\NexusBrain.Tests.csproj", "{BFD98C05-5B7F-4F5C-AE76-A6E4F26EA0CF}"
EndProject
Global
	GlobalSection(SolutionConfigurationPlatforms) = preSolution
		Debug|Any CPU = Debug|Any CPU
		Release|Any CPU = Release|Any CPU
	EndGlobalSection
	GlobalSection(SolutionProperties) = preSolution
		HideSolutionNode = FALSE
	EndGlobalSection
	GlobalSection(ProjectConfigurationPlatforms) = postSolution
		{6FD97D47-25A3-4AFB-B7E8-A4C87317C41C}.Debug|Any CPU.ActiveCfg = Debug|Any CPU
		{6FD97D47-25A3-4AFB-B7E8-A4C87317C41C}.Debug|Any CPU.Build.0 = Debug|Any CPU
		{6FD97D47-25A3-4AFB-B7E8-A4C87317C41C}.Release|Any CPU.ActiveCfg = Release|Any CPU
		{6FD97D47-25A3-4AFB-B7E8-A4C87317C41C}.Release|Any CPU.Build.0 = Release|Any CPU
		{F58BF0FB-D164-46A4-BC9A-AC1222D259F7}.Debug|Any CPU.ActiveCfg = Debug|Any CPU
		{F58BF0FB-D164-46A4-BC9A-AC1222D259F7}.Debug|Any CPU.Build.0 = Debug|Any CPU
		{F58BF0FB-D164-46A4-BC9A-AC1222D259F7}.Release|Any CPU.ActiveCfg = Release|Any CPU
		{F58BF0FB-D164-46A4-BC9A-AC1222D259F7}.Release|Any CPU.Build.0 = Release|Any CPU
		{52CF516F-FFE6-40E7-A7A7-47B177E509EE}.Debug|Any CPU.ActiveCfg = Debug|Any CPU
		{52CF516F-FFE6-40E7-A7A7-47B177E509EE}.Debug|Any CPU.Build.0 = Debug|Any CPU
		{52CF516F-FFE6-40E7-A7A7-47B177E509EE}.Release|Any CPU.ActiveCfg = Release|Any CPU
		{52CF516F-FFE6-40E7-A7A7-47B177E509EE}.Release|Any CPU.Build.0 = Release|Any CPU
		{02EB2438-924E-4988-A4EE-2AFFC49A1692}.Debug|Any CPU.ActiveCfg = Debug|Any CPU
		{02EB2438-924E-4988-A4EE-2AFFC49A1692}.Debug|Any CPU.Build.0 = Debug|Any CPU
		{02EB2438-924E-4988-A4EE-2AFFC49A1692}.Release|Any CPU.ActiveCfg = Release|Any CPU
		{02EB2438-924E-4988-A4EE-2AFFC49A1692}.Release|Any CPU.Build.0 = Release|Any CPU
		{AB6315FD-6692-4B50-9885-1EA5503C3A59}.Debug|Any CPU.ActiveCfg = Debug|Any CPU
		{AB6315FD-6692-4B50-9885-1EA5503C3A59}.Debug|Any CPU.Build.0 = Debug|Any CPU
		{AB6315FD-6692-4B50-9885-1EA5503C3A59}.Release|Any CPU.ActiveCfg = Release|Any CPU
		{AB6315FD-6692-4B50-9885-1EA5503C3A59}.Release|Any CPU.Build.0 = Release|Any CPU
		{48163B86-6A9F-4638-9257-2D6D0BC74CB3}.Debug|Any CPU.ActiveCfg = Debug|Any CPU
		{48163B86-6A9F-4638-9257-2D6D0BC74CB3}.Debug|Any CPU.Build.0 = Debug|Any CPU
		{48163B86-6A9F-4638-9257-2D6D0BC74CB3}.Release|Any CPU.ActiveCfg = Release|Any CPU
		{48163B86-6A9F-4638-9257-2D6D0BC74CB3}.Release|Any CPU.Build.0 = Release|Any CPU
		{9BC5B824-3365-467A-9C4A-3980B3D797F1}.Debug|Any CPU.ActiveCfg = Debug|Any CPU
		{9BC5B824-3365-467A-9C4A-3980B3D797F1}.Debug|Any CPU.Build.0 = Debug|Any CPU
		{9BC5B824-3365-467A-9C4A-3980B3D797F1}.Release|Any CPU.ActiveCfg = Release|Any CPU
		{9BC5B824-3365-467A-9C4A-3980B3D797F1}.Release|Any CPU.Build.0 = Release|Any CPU
		{C6F36B70-7F4E-480B-8BD5-C8C3CD081F81}.Debug|Any CPU.ActiveCfg = Debug|Any CPU
		{C6F36B70-7F4E-480B-8BD5-C8C3CD081F81}.Debug|Any CPU.Build.0 = Debug|Any CPU
		{C6F36B70-7F4E-480B-8BD5-C8C3CD081F81}.Release|Any CPU.ActiveCfg = Release|Any CPU
		{C6F36B70-7F4E-480B-8BD5-C8C3CD081F81}.Release|Any CPU.Build.0 = Release|Any CPU
		{97DD444F-EA34-404F-9067-26A318F8C32D}.Debug|Any CPU.ActiveCfg = Debug|Any CPU
		{97DD444F-EA34-404F-9067-26A318F8C32D}.Debug|Any CPU.Build.0 = Debug|Any CPU
		{97DD444F-EA34-404F-9067-26A318F8C32D}.Release|Any CPU.ActiveCfg = Release|Any CPU
		{97DD444F-EA34-404F-9067-26A318F8C32D}.Release|Any CPU.Build.0 = Release|Any CPU
		{59BC5E75-B9F4-45F9-A247-6B5E2B210ABF}.Debug|Any CPU.ActiveCfg = Debug|Any CPU
		{59BC5E75-B9F4-45F9-A247-6B5E2B210ABF}.Debug|Any CPU.Build.0 = Debug|Any CPU
		{59BC5E75-B9F4-45F9-A247-6B5E2B210ABF}.Release|Any CPU.ActiveCfg = Release|Any CPU
		{59BC5E75-B9F4-45F9-A247-6B5E2B210ABF}.Release|Any CPU.Build.0 = Release|Any CPU
		{BFD98C05-5B7F-4F5C-AE76-A6E4F26EA0CF}.Debug|Any CPU.ActiveCfg = Debug|Any CPU
		{BFD98C05-5B7F-4F5C-AE76-A6E4F26EA0CF}.Debug|Any CPU.Build.0 = Debug|Any CPU
		{BFD98C05-5B7F-4F5C-AE76-A6E4F26EA0CF}.Release|Any CPU.ActiveCfg = Release|Any CPU
		{BFD98C05-5B7F-4F5C-AE76-A6E4F26EA0CF}.Release|Any CPU.Build.0 = Release|Any CPU
	EndGlobalSection
	GlobalSection(NestedProjects) = preSolution
		{6FD97D47-25A3-4AFB-B7E8-A4C87317C41C} = {43B990A1-A921-4E4B-8627-7C7797C6EF3C}
		{F58BF0FB-D164-46A4-BC9A-AC1222D259F7} = {43B990A1-A921-4E4B-8627-7C7797C6EF3C}
		{52CF516F-FFE6-40E7-A7A7-47B177E509EE} = {43B990A1-A921-4E4B-8627-7C7797C6EF3C}
		{02EB2438-924E-4988-A4EE-2AFFC49A1692} = {43B990A1-A921-4E4B-8627-7C7797C6EF3C}
		{AB6315FD-6692-4B50-9885-1EA5503C3A59} = {43B990A1-A921-4E4B-8627-7C7797C6EF3C}
		{48163B86-6A9F-4638-9257-2D6D0BC74CB3} = {43B990A1-A921-4E4B-8627-7C7797C6EF3C}
		{9BC5B824-3365-467A-9C4A-3980B3D797F1} = {43B990A1-A921-4E4B-8627-7C7797C6EF3C}
		{C6F36B70-7F4E-480B-8BD5-C8C3CD081F81} = {43B990A1-A921-4E4B-8627-7C7797C6EF3C}
		{97DD444F-EA34-404F-9067-26A318F8C32D} = {43B990A1-A921-4E4B-8627-7C7797C6EF3C}
		{59BC5E75-B9F4-45F9-A247-6B5E2B210ABF} = {43B990A1-A921-4E4B-8627-7C7797C6EF3C}
		{BFD98C05-5B7F-4F5C-AE76-A6E4F26EA0CF} = {35FA9A6F-1B37-4AAE-B312-187EF6B628A9}
	EndGlobalSection
EndGlobal
